
Microsoft Visual Studio Solution File, Format Version 12.00
# Visual Studio Version 16
VisualStudioVersion = 16.0.30413.136
MinimumVisualStudioVersion = 10.0.40219.1
Project("{FAE04EC0-301F-11D3-BF4B-00C04F79EFBC}") = "Fiap.PS.Cybertronics", "Fiap.PS.Cybertronics\Fiap.PS.Cybertronics.csproj", "{56B85AEA-3CFA-46B0-9001-F4B4D749DD95}"
EndProject
Global
	GlobalSection(SolutionConfigurationPlatforms) = preSolution
		Debug|Any CPU = Debug|Any CPU
		Release|Any CPU = Release|Any CPU
	EndGlobalSection
	GlobalSection(ProjectConfigurationPlatforms) = postSolution
		{56B85AEA-3CFA-46B0-9001-F4B4D749DD95}.Debug|Any CPU.ActiveCfg = Debug|Any CPU
		{56B85AEA-3CFA-46B0-9001-F4B4D749DD95}.Debug|Any CPU.Build.0 = Debug|Any CPU
		{56B85AEA-3CFA-46B0-9001-F4B4D749DD95}.Release|Any CPU.ActiveCfg = Release|Any CPU
		{56B85AEA-3CFA-46B0-9001-F4B4D749DD95}.Release|Any CPU.Build.0 = Release|Any CPU
	EndGlobalSection
	GlobalSection(SolutionProperties) = preSolution
		HideSolutionNode = FALSE
	EndGlobalSection
	GlobalSection(ExtensibilityGlobals) = postSolution
		SolutionGuid = {73857E8B-19B3-4AFB-A656-707AC5A6E1A9}
	EndGlobalSection
EndGlobal
